
Microsoft Visual Studio Solution File, Format Version 12.00
# Visual Studio Version 17
VisualStudioVersion = 17.9.34728.123
MinimumVisualStudioVersion = 10.0.40219.1
Project("{FAE04EC0-301F-11D3-BF4B-00C04F79EFBC}") = "P5R-Packager", "P5R-Packager\P5R-Packager.csproj", "{62C42990-6215-4641-B879-55535F16886C}"
EndProject
Project("{2150E333-8FDC-42A3-9474-1A3956D46DE8}") = "Solution Items", "Solution Items", "{37C6373F-07D9-42F5-BA2C-5C08D64DBD51}"
	ProjectSection(SolutionItems) = preProject
		SolutionItems\AuxiliaryLibraries.dll = SolutionItems\AuxiliaryLibraries.dll
		SolutionItems\AuxiliaryLibraries.WPF.Wrapper.dll = SolutionItems\AuxiliaryLibraries.WPF.Wrapper.dll
		SolutionItems\PersonaEditorLib.dll = SolutionItems\PersonaEditorLib.dll
	EndProjectSection
EndProject
Project("{8BC9CEB8-8B4A-11D0-8D11-00A0C91BC942}") = "P5R-TranslationLoader", "P5R-TranslationLoader\P5R-TranslationLoader.vcxproj", "{BB30BF15-6016-43AE-9790-BB4B423A79A4}"
EndProject
Global
	GlobalSection(SolutionConfigurationPlatforms) = preSolution
		Debug|Any CPU = Debug|Any CPU
		Debug|x64 = Debug|x64
		Debug|x86 = Debug|x86
		Release|Any CPU = Release|Any CPU
		Release|x64 = Release|x64
		Release|x86 = Release|x86
	EndGlobalSection
	GlobalSection(ProjectConfigurationPlatforms) = postSolution
		{62C42990-6215-4641-B879-55535F16886C}.Debug|Any CPU.ActiveCfg = Debug|Any CPU
		{62C42990-6215-4641-B879-55535F16886C}.Debug|Any CPU.Build.0 = Debug|Any CPU
		{62C42990-6215-4641-B879-55535F16886C}.Debug|x64.ActiveCfg = Debug|Any CPU
		{62C42990-6215-4641-B879-55535F16886C}.Debug|x64.Build.0 = Debug|Any CPU
		{62C42990-6215-4641-B879-55535F16886C}.Debug|x86.ActiveCfg = Debug|Any CPU
		{62C42990-6215-4641-B879-55535F16886C}.Debug|x86.Build.0 = Debug|Any CPU
		{62C42990-6215-4641-B879-55535F16886C}.Release|Any CPU.ActiveCfg = Release|Any CPU
		{62C42990-6215-4641-B879-55535F16886C}.Release|Any CPU.Build.0 = Release|Any CPU
		{62C42990-6215-4641-B879-55535F16886C}.Release|x64.ActiveCfg = Release|Any CPU
		{62C42990-6215-4641-B879-55535F16886C}.Release|x64.Build.0 = Release|Any CPU
		{62C42990-6215-4641-B879-55535F16886C}.Release|x86.ActiveCfg = Release|Any CPU
		{62C42990-6215-4641-B879-55535F16886C}.Release|x86.Build.0 = Release|Any CPU
		{BB30BF15-6016-43AE-9790-BB4B423A79A4}.Debug|Any CPU.ActiveCfg = Debug|x64
		{BB30BF15-6016-43AE-9790-BB4B423A79A4}.Debug|Any CPU.Build.0 = Debug|x64
		{BB30BF15-6016-43AE-9790-BB4B423A79A4}.Debug|x64.ActiveCfg = Debug|x64
		{BB30BF15-6016-43AE-9790-BB4B423A79A4}.Debug|x64.Build.0 = Debug|x64
		{BB30BF15-6016-43AE-9790-BB4B423A79A4}.Debug|x86.ActiveCfg = Debug|Win32
		{BB30BF15-6016-43AE-9790-BB4B423A79A4}.Debug|x86.Build.0 = Debug|Win32
		{BB30BF15-6016-43AE-9790-BB4B423A79A4}.Release|Any CPU.ActiveCfg = Release|x64
		{BB30BF15-6016-43AE-9790-BB4B423A79A4}.Release|Any CPU.Build.0 = Release|x64
		{BB30BF15-6016-43AE-9790-BB4B423A79A4}.Release|x64.ActiveCfg = Release|x64
		{BB30BF15-6016-43AE-9790-BB4B423A79A4}.Release|x64.Build.0 = Release|x64
		{BB30BF15-6016-43AE-9790-BB4B423A79A4}.Release|x86.ActiveCfg = Release|Win32
		{BB30BF15-6016-43AE-9790-BB4B423A79A4}.Release|x86.Build.0 = Release|Win32
	EndGlobalSection
	GlobalSection(SolutionProperties) = preSolution
		HideSolutionNode = FALSE
	EndGlobalSection
	GlobalSection(ExtensibilityGlobals) = postSolution
		SolutionGuid = {FC7238BB-721C-48B7-A6F6-B3DFD5B9E89A}
	EndGlobalSection
EndGlobal
